
Microsoft Visual Studio Solution File, Format Version 12.00
# Visual Studio Version 16
VisualStudioVersion = 16.0.29424.173
MinimumVisualStudioVersion = 10.0.40219.1
Project("{FAE04EC0-301F-11D3-BF4B-00C04F79EFBC}") = "Course", "Course\Course.csproj", "{F73F911B-242D-4250-8E3A-7953B2761091}"
EndProject
Project("{2150E333-8FDC-42A3-9474-1A3956D46DE8}") = "Solution Items", "Solution Items", "{A62EE084-C763-4589-B975-59F1145629C7}"
	ProjectSection(SolutionItems) = preProject
		Produto.cs = Produto.cs
	EndProjectSection
EndProject
Global
	GlobalSection(SolutionConfigurationPlatforms) = preSolution
		Debug|Any CPU = Debug|Any CPU
		Release|Any CPU = Release|Any CPU
	EndGlobalSection
	GlobalSection(ProjectConfigurationPlatforms) = postSolution
		{F73F911B-242D-4250-8E3A-7953B2761091}.Debug|Any CPU.ActiveCfg = Debug|Any CPU
		{F73F911B-242D-4250-8E3A-7953B2761091}.Debug|Any CPU.Build.0 = Debug|Any CPU
		{F73F911B-242D-4250-8E3A-7953B2761091}.Release|Any CPU.ActiveCfg = Release|Any CPU
		{F73F911B-242D-4250-8E3A-7953B2761091}.Release|Any CPU.Build.0 = Release|Any CPU
	EndGlobalSection
	GlobalSection(SolutionProperties) = preSolution
		HideSolutionNode = FALSE
	EndGlobalSection
	GlobalSection(ExtensibilityGlobals) = postSolution
		SolutionGuid = {011386ED-F589-4A36-A4DE-21FF1218EFCF}
	EndGlobalSection
EndGlobal
